// !$*UTF8*$!
{
	archiveVersion = 1;
	classes = {
	};
	objectVersion = 56;
	objects = {

/* Begin PBXBuildFile section */
		870C09FF2A8F4E89005622F8 /* UserInfo.swift in Sources */ = {isa = PBXBuildFile; fileRef = 870C09FE2A8F4E89005622F8 /* UserInfo.swift */; };
		870C0A022A8F5D14005622F8 /* LocationViewModel.swift in Sources */ = {isa = PBXBuildFile; fileRef = 870C0A012A8F5D14005622F8 /* LocationViewModel.swift */; };
		870C0A042A8F5EF3005622F8 /* MapView.swift in Sources */ = {isa = PBXBuildFile; fileRef = 870C0A032A8F5EF3005622F8 /* MapView.swift */; };
		870C0A062A8F75EB005622F8 /* SetApiaryViewModel.swift in Sources */ = {isa = PBXBuildFile; fileRef = 870C0A052A8F75EB005622F8 /* SetApiaryViewModel.swift */; };
		870C0A082A8F90A0005622F8 /* WeatherViewModel.swift in Sources */ = {isa = PBXBuildFile; fileRef = 870C0A072A8F90A0005622F8 /* WeatherViewModel.swift */; };
		8723E15E2A8BBCA1004FD589 /* BeekeeperApp.swift in Sources */ = {isa = PBXBuildFile; fileRef = 8723E15D2A8BBCA1004FD589 /* BeekeeperApp.swift */; };
		8723E1622A8BBCA2004FD589 /* Assets.xcassets in Resources */ = {isa = PBXBuildFile; fileRef = 8723E1612A8BBCA2004FD589 /* Assets.xcassets */; };
		8723E1652A8BBCA2004FD589 /* Preview Assets.xcassets in Resources */ = {isa = PBXBuildFile; fileRef = 8723E1642A8BBCA2004FD589 /* Preview Assets.xcassets */; };
		8763E5EC2A93942E004BD688 /* CRUDOperations.swift in Sources */ = {isa = PBXBuildFile; fileRef = 8763E5EB2A93942E004BD688 /* CRUDOperations.swift */; };
		87DF9B7E2A94C6D400451ACE /* UserDefaultsManager.swift in Sources */ = {isa = PBXBuildFile; fileRef = 87DF9B7D2A94C6D400451ACE /* UserDefaultsManager.swift */; };
		87EDF24C2A8BE29B003680A3 /* Hive.swift in Sources */ = {isa = PBXBuildFile; fileRef = 87EDF24B2A8BE29B003680A3 /* Hive.swift */; };
		87EDF24E2A8BE2B8003680A3 /* Apiary.swift in Sources */ = {isa = PBXBuildFile; fileRef = 87EDF24D2A8BE2B8003680A3 /* Apiary.swift */; };
		87EDF2562A8BE69D003680A3 /* Queen.swift in Sources */ = {isa = PBXBuildFile; fileRef = 87EDF2552A8BE69D003680A3 /* Queen.swift */; };
		87EDF2592A8C9A03003680A3 /* Colony.swift in Sources */ = {isa = PBXBuildFile; fileRef = 87EDF2582A8C9A03003680A3 /* Colony.swift */; };
		87EDF25D2A8CA53E003680A3 /* WeatherView.swift in Sources */ = {isa = PBXBuildFile; fileRef = 87EDF25C2A8CA53E003680A3 /* WeatherView.swift */; };
		87EDF25F2A8CA79E003680A3 /* ToDoListView.swift in Sources */ = {isa = PBXBuildFile; fileRef = 87EDF25E2A8CA79E003680A3 /* ToDoListView.swift */; };
		87EDF2612A8CA89C003680A3 /* Inspection.swift in Sources */ = {isa = PBXBuildFile; fileRef = 87EDF2602A8CA89C003680A3 /* Inspection.swift */; };
		87EDF2652A8CC239003680A3 /* WeatherData.swift in Sources */ = {isa = PBXBuildFile; fileRef = 87EDF2642A8CC239003680A3 /* WeatherData.swift */; };
		87EDF26A2A8CED7A003680A3 /* LocationManager.swift in Sources */ = {isa = PBXBuildFile; fileRef = 87EDF2692A8CED7A003680A3 /* LocationManager.swift */; };
		87EDF26E2A8DF21A003680A3 /* SetApiaryView.swift in Sources */ = {isa = PBXBuildFile; fileRef = 87EDF26D2A8DF21A003680A3 /* SetApiaryView.swift */; };
		87EDF2702A8DF6BA003680A3 /* WeatherManager.swift in Sources */ = {isa = PBXBuildFile; fileRef = 87EDF26F2A8DF6BA003680A3 /* WeatherManager.swift */; };
		87EDF2722A8E5E6B003680A3 /* WeatherRow.swift in Sources */ = {isa = PBXBuildFile; fileRef = 87EDF2712A8E5E6B003680A3 /* WeatherRow.swift */; };
		87EDF2772A8E6C0A003680A3 /* InspectionView.swift in Sources */ = {isa = PBXBuildFile; fileRef = 87EDF2762A8E6C0A003680A3 /* InspectionView.swift */; };
		87EDF2792A8E6C1C003680A3 /* HervestView.swift in Sources */ = {isa = PBXBuildFile; fileRef = 87EDF2782A8E6C1C003680A3 /* HervestView.swift */; };
		87EDF27B2A8E6C37003680A3 /* BalanceView.swift in Sources */ = {isa = PBXBuildFile; fileRef = 87EDF27A2A8E6C37003680A3 /* BalanceView.swift */; };
		87EDF27F2A8E7CE2003680A3 /* HomeView.swift in Sources */ = {isa = PBXBuildFile; fileRef = 87EDF27E2A8E7CE2003680A3 /* HomeView.swift */; };
		87F358822A8E7EC300C33452 /* ContentView.swift in Sources */ = {isa = PBXBuildFile; fileRef = 87F358812A8E7EC300C33452 /* ContentView.swift */; };
		87F358862A8E93BD00C33452 /* SettingsView.swift in Sources */ = {isa = PBXBuildFile; fileRef = 87F358852A8E93BD00C33452 /* SettingsView.swift */; };
		87F358882A8E93DA00C33452 /* UserInfoView.swift in Sources */ = {isa = PBXBuildFile; fileRef = 87F358872A8E93DA00C33452 /* UserInfoView.swift */; };
		87F3588A2A8E984800C33452 /* TopLevelHomeView.swift in Sources */ = {isa = PBXBuildFile; fileRef = 87F358892A8E984800C33452 /* TopLevelHomeView.swift */; };
/* End PBXBuildFile section */

/* Begin PBXFileReference section */
		870C09FE2A8F4E89005622F8 /* UserInfo.swift */ = {isa = PBXFileReference; lastKnownFileType = sourcecode.swift; path = UserInfo.swift; sourceTree = "<group>"; };
		870C0A012A8F5D14005622F8 /* LocationViewModel.swift */ = {isa = PBXFileReference; lastKnownFileType = sourcecode.swift; path = LocationViewModel.swift; sourceTree = "<group>"; };
		870C0A032A8F5EF3005622F8 /* MapView.swift */ = {isa = PBXFileReference; lastKnownFileType = sourcecode.swift; path = MapView.swift; sourceTree = "<group>"; };
		870C0A052A8F75EB005622F8 /* SetApiaryViewModel.swift */ = {isa = PBXFileReference; lastKnownFileType = sourcecode.swift; path = SetApiaryViewModel.swift; sourceTree = "<group>"; };
		870C0A072A8F90A0005622F8 /* WeatherViewModel.swift */ = {isa = PBXFileReference; lastKnownFileType = sourcecode.swift; path = WeatherViewModel.swift; sourceTree = "<group>"; };
		8723E15A2A8BBCA1004FD589 /* Beekeeper.app */ = {isa = PBXFileReference; explicitFileType = wrapper.application; includeInIndex = 0; path = Beekeeper.app; sourceTree = BUILT_PRODUCTS_DIR; };
		8723E15D2A8BBCA1004FD589 /* BeekeeperApp.swift */ = {isa = PBXFileReference; lastKnownFileType = sourcecode.swift; path = BeekeeperApp.swift; sourceTree = "<group>"; };
		8723E1612A8BBCA2004FD589 /* Assets.xcassets */ = {isa = PBXFileReference; lastKnownFileType = folder.assetcatalog; path = Assets.xcassets; sourceTree = "<group>"; };
		8723E1642A8BBCA2004FD589 /* Preview Assets.xcassets */ = {isa = PBXFileReference; lastKnownFileType = folder.assetcatalog; path = "Preview Assets.xcassets"; sourceTree = "<group>"; };
		8763E5EB2A93942E004BD688 /* CRUDOperations.swift */ = {isa = PBXFileReference; lastKnownFileType = sourcecode.swift; path = CRUDOperations.swift; sourceTree = "<group>"; };
		87DF9B7D2A94C6D400451ACE /* UserDefaultsManager.swift */ = {isa = PBXFileReference; lastKnownFileType = sourcecode.swift; path = UserDefaultsManager.swift; sourceTree = "<group>"; };
		87EDF24B2A8BE29B003680A3 /* Hive.swift */ = {isa = PBXFileReference; lastKnownFileType = sourcecode.swift; path = Hive.swift; sourceTree = "<group>"; };
		87EDF24D2A8BE2B8003680A3 /* Apiary.swift */ = {isa = PBXFileReference; lastKnownFileType = sourcecode.swift; path = Apiary.swift; sourceTree = "<group>"; };
		87EDF2552A8BE69D003680A3 /* Queen.swift */ = {isa = PBXFileReference; lastKnownFileType = sourcecode.swift; path = Queen.swift; sourceTree = "<group>"; };
		87EDF2582A8C9A03003680A3 /* Colony.swift */ = {isa = PBXFileReference; lastKnownFileType = sourcecode.swift; path = Colony.swift; sourceTree = "<group>"; };
		87EDF25C2A8CA53E003680A3 /* WeatherView.swift */ = {isa = PBXFileReference; lastKnownFileType = sourcecode.swift; path = WeatherView.swift; sourceTree = "<group>"; };
		87EDF25E2A8CA79E003680A3 /* ToDoListView.swift */ = {isa = PBXFileReference; lastKnownFileType = sourcecode.swift; path = ToDoListView.swift; sourceTree = "<group>"; };
		87EDF2602A8CA89C003680A3 /* Inspection.swift */ = {isa = PBXFileReference; lastKnownFileType = sourcecode.swift; path = Inspection.swift; sourceTree = "<group>"; };
		87EDF2642A8CC239003680A3 /* WeatherData.swift */ = {isa = PBXFileReference; lastKnownFileType = sourcecode.swift; path = WeatherData.swift; sourceTree = "<group>"; };
		87EDF2692A8CED7A003680A3 /* LocationManager.swift */ = {isa = PBXFileReference; lastKnownFileType = sourcecode.swift; path = LocationManager.swift; sourceTree = "<group>"; };
		87EDF26B2A8CF757003680A3 /* Info.plist */ = {isa = PBXFileReference; lastKnownFileType = text.plist; path = Info.plist; sourceTree = "<group>"; };
		87EDF26D2A8DF21A003680A3 /* SetApiaryView.swift */ = {isa = PBXFileReference; lastKnownFileType = sourcecode.swift; path = SetApiaryView.swift; sourceTree = "<group>"; };
		87EDF26F2A8DF6BA003680A3 /* WeatherManager.swift */ = {isa = PBXFileReference; lastKnownFileType = sourcecode.swift; path = WeatherManager.swift; sourceTree = "<group>"; };
		87EDF2712A8E5E6B003680A3 /* WeatherRow.swift */ = {isa = PBXFileReference; lastKnownFileType = sourcecode.swift; path = WeatherRow.swift; sourceTree = "<group>"; };
		87EDF2762A8E6C0A003680A3 /* InspectionView.swift */ = {isa = PBXFileReference; lastKnownFileType = sourcecode.swift; path = InspectionView.swift; sourceTree = "<group>"; };
		87EDF2782A8E6C1C003680A3 /* HervestView.swift */ = {isa = PBXFileReference; lastKnownFileType = sourcecode.swift; path = HervestView.swift; sourceTree = "<group>"; };
		87EDF27A2A8E6C37003680A3 /* BalanceView.swift */ = {isa = PBXFileReference; lastKnownFileType = sourcecode.swift; path = BalanceView.swift; sourceTree = "<group>"; };
		87EDF27E2A8E7CE2003680A3 /* HomeView.swift */ = {isa = PBXFileReference; lastKnownFileType = sourcecode.swift; path = HomeView.swift; sourceTree = "<group>"; };
		87F358812A8E7EC300C33452 /* ContentView.swift */ = {isa = PBXFileReference; lastKnownFileType = sourcecode.swift; path = ContentView.swift; sourceTree = "<group>"; };
		87F358852A8E93BD00C33452 /* SettingsView.swift */ = {isa = PBXFileReference; lastKnownFileType = sourcecode.swift; path = SettingsView.swift; sourceTree = "<group>"; };
		87F358872A8E93DA00C33452 /* UserInfoView.swift */ = {isa = PBXFileReference; lastKnownFileType = sourcecode.swift; path = UserInfoView.swift; sourceTree = "<group>"; };
		87F358892A8E984800C33452 /* TopLevelHomeView.swift */ = {isa = PBXFileReference; lastKnownFileType = sourcecode.swift; path = TopLevelHomeView.swift; sourceTree = "<group>"; };
/* End PBXFileReference section */

/* Begin PBXFrameworksBuildPhase section */
		8723E1572A8BBCA1004FD589 /* Frameworks */ = {
			isa = PBXFrameworksBuildPhase;
			buildActionMask = 2147483647;
			files = (
			);
			runOnlyForDeploymentPostprocessing = 0;
		};
/* End PBXFrameworksBuildPhase section */

/* Begin PBXGroup section */
		870C0A002A8F5CEC005622F8 /* ViewModels */ = {
			isa = PBXGroup;
			children = (
				870C0A012A8F5D14005622F8 /* LocationViewModel.swift */,
				870C0A072A8F90A0005622F8 /* WeatherViewModel.swift */,
				870C0A052A8F75EB005622F8 /* SetApiaryViewModel.swift */,
			);
			path = ViewModels;
			sourceTree = "<group>";
		};
		8723E1512A8BBCA1004FD589 = {
			isa = PBXGroup;
			children = (
				8723E15C2A8BBCA1004FD589 /* Beekeeper */,
				8723E15B2A8BBCA1004FD589 /* Products */,
			);
			sourceTree = "<group>";
		};
		8723E15B2A8BBCA1004FD589 /* Products */ = {
			isa = PBXGroup;
			children = (
				8723E15A2A8BBCA1004FD589 /* Beekeeper.app */,
			);
			name = Products;
			sourceTree = "<group>";
		};
		8723E15C2A8BBCA1004FD589 /* Beekeeper */ = {
			isa = PBXGroup;
			children = (
				87EDF26B2A8CF757003680A3 /* Info.plist */,
				87EDF2662A8CCF18003680A3 /* Cores */,
				87EDF24A2A8BE279003680A3 /* Models */,
				870C0A002A8F5CEC005622F8 /* ViewModels */,
				87EDF2572A8BF51B003680A3 /* View */,
				8723E1612A8BBCA2004FD589 /* Assets.xcassets */,
				8723E1632A8BBCA2004FD589 /* Preview Content */,
			);
			path = Beekeeper;
			sourceTree = "<group>";
		};
		8723E1632A8BBCA2004FD589 /* Preview Content */ = {
			isa = PBXGroup;
			children = (
				8723E1642A8BBCA2004FD589 /* Preview Assets.xcassets */,
			);
			path = "Preview Content";
			sourceTree = "<group>";
		};
		87EDF24A2A8BE279003680A3 /* Models */ = {
			isa = PBXGroup;
			children = (
				87EDF2632A8CC1E8003680A3 /* Core */,
				87EDF2622A8CC1D1003680A3 /* Weather */,
			);
			path = Models;
			sourceTree = "<group>";
		};
		87EDF2572A8BF51B003680A3 /* View */ = {
			isa = PBXGroup;
			children = (
				8723E15D2A8BBCA1004FD589 /* BeekeeperApp.swift */,
				87F358812A8E7EC300C33452 /* ContentView.swift */,
				87F358832A8E821A00C33452 /* HomeView */,
				87EDF2752A8E6BF0003680A3 /* Inspection */,
				87EDF2742A8E6BBE003680A3 /* Hervest */,
				87EDF2732A8E6BB1003680A3 /* Balance */,
				87EDF26D2A8DF21A003680A3 /* SetApiaryView.swift */,
				870C0A032A8F5EF3005622F8 /* MapView.swift */,
			);
			path = View;
			sourceTree = "<group>";
		};
		87EDF2622A8CC1D1003680A3 /* Weather */ = {
			isa = PBXGroup;
			children = (
				87EDF2642A8CC239003680A3 /* WeatherData.swift */,
			);
			path = Weather;
			sourceTree = "<group>";
		};
		87EDF2632A8CC1E8003680A3 /* Core */ = {
			isa = PBXGroup;
			children = (
				87EDF24D2A8BE2B8003680A3 /* Apiary.swift */,
				870C09FE2A8F4E89005622F8 /* UserInfo.swift */,
				87EDF24B2A8BE29B003680A3 /* Hive.swift */,
				87EDF2552A8BE69D003680A3 /* Queen.swift */,
				87EDF2582A8C9A03003680A3 /* Colony.swift */,
				87EDF2602A8CA89C003680A3 /* Inspection.swift */,
			);
			path = Core;
			sourceTree = "<group>";
		};
		87EDF2662A8CCF18003680A3 /* Cores */ = {
			isa = PBXGroup;
			children = (
				87EDF2692A8CED7A003680A3 /* LocationManager.swift */,
				87EDF26F2A8DF6BA003680A3 /* WeatherManager.swift */,
				8763E5EB2A93942E004BD688 /* CRUDOperations.swift */,
				87DF9B7D2A94C6D400451ACE /* UserDefaultsManager.swift */,
			);
			path = Cores;
			sourceTree = "<group>";
		};
		87EDF26C2A8DEEA6003680A3 /* Weather */ = {
			isa = PBXGroup;
			children = (
				87EDF25C2A8CA53E003680A3 /* WeatherView.swift */,
				87EDF2712A8E5E6B003680A3 /* WeatherRow.swift */,
			);
			path = Weather;
			sourceTree = "<group>";
		};
		87EDF2732A8E6BB1003680A3 /* Balance */ = {
			isa = PBXGroup;
			children = (
				87EDF27A2A8E6C37003680A3 /* BalanceView.swift */,
			);
			path = Balance;
			sourceTree = "<group>";
		};
		87EDF2742A8E6BBE003680A3 /* Hervest */ = {
			isa = PBXGroup;
			children = (
				87EDF2782A8E6C1C003680A3 /* HervestView.swift */,
			);
			path = Hervest;
			sourceTree = "<group>";
		};
		87EDF2752A8E6BF0003680A3 /* Inspection */ = {
			isa = PBXGroup;
			children = (
				87EDF2762A8E6C0A003680A3 /* InspectionView.swift */,
			);
			path = Inspection;
			sourceTree = "<group>";
		};
		87F358832A8E821A00C33452 /* HomeView */ = {
			isa = PBXGroup;
			children = (
				87EDF27E2A8E7CE2003680A3 /* HomeView.swift */,
				87F3588C2A8E98E300C33452 /* HomeViewGroup */,
				87F358842A8E824400C33452 /* ToDoList */,
				87EDF26C2A8DEEA6003680A3 /* Weather */,
			);
			path = HomeView;
			sourceTree = "<group>";
		};
		87F358842A8E824400C33452 /* ToDoList */ = {
			isa = PBXGroup;
			children = (
				87EDF25E2A8CA79E003680A3 /* ToDoListView.swift */,
			);
			path = ToDoList;
			sourceTree = "<group>";
		};
		87F3588C2A8E98E300C33452 /* HomeViewGroup */ = {
			isa = PBXGroup;
			children = (
				87F358892A8E984800C33452 /* TopLevelHomeView.swift */,
				87F358852A8E93BD00C33452 /* SettingsView.swift */,
				87F358872A8E93DA00C33452 /* UserInfoView.swift */,
			);
			name = HomeViewGroup;
			sourceTree = "<group>";
		};
/* End PBXGroup section */

/* Begin PBXNativeTarget section */
		8723E1592A8BBCA1004FD589 /* Beekeeper */ = {
			isa = PBXNativeTarget;
			buildConfigurationList = 8723E1682A8BBCA2004FD589 /* Build configuration list for PBXNativeTarget "Beekeeper" */;
			buildPhases = (
				8723E1562A8BBCA1004FD589 /* Sources */,
				8723E1572A8BBCA1004FD589 /* Frameworks */,
				8723E1582A8BBCA1004FD589 /* Resources */,
			);
			buildRules = (
			);
			dependencies = (
			);
			name = Beekeeper;
			productName = Beekeeper;
			productReference = 8723E15A2A8BBCA1004FD589 /* Beekeeper.app */;
			productType = "com.apple.product-type.application";
		};
/* End PBXNativeTarget section */

/* Begin PBXProject section */
		8723E1522A8BBCA1004FD589 /* Project object */ = {
			isa = PBXProject;
			attributes = {
				BuildIndependentTargetsInParallel = 1;
				LastSwiftUpdateCheck = 1430;
				LastUpgradeCheck = 1430;
				TargetAttributes = {
					8723E1592A8BBCA1004FD589 = {
						CreatedOnToolsVersion = 14.3.1;
					};
				};
			};
			buildConfigurationList = 8723E1552A8BBCA1004FD589 /* Build configuration list for PBXProject "Beekeeper" */;
			compatibilityVersion = "Xcode 14.0";
			developmentRegion = en;
			hasScannedForEncodings = 0;
			knownRegions = (
				en,
				Base,
			);
			mainGroup = 8723E1512A8BBCA1004FD589;
			productRefGroup = 8723E15B2A8BBCA1004FD589 /* Products */;
			projectDirPath = "";
			projectRoot = "";
			targets = (
				8723E1592A8BBCA1004FD589 /* Beekeeper */,
			);
		};
/* End PBXProject section */

/* Begin PBXResourcesBuildPhase section */
		8723E1582A8BBCA1004FD589 /* Resources */ = {
			isa = PBXResourcesBuildPhase;
			buildActionMask = 2147483647;
			files = (
				8723E1652A8BBCA2004FD589 /* Preview Assets.xcassets in Resources */,
				8723E1622A8BBCA2004FD589 /* Assets.xcassets in Resources */,
			);
			runOnlyForDeploymentPostprocessing = 0;
		};
/* End PBXResourcesBuildPhase section */

/* Begin PBXSourcesBuildPhase section */
		8723E1562A8BBCA1004FD589 /* Sources */ = {
			isa = PBXSourcesBuildPhase;
			buildActionMask = 2147483647;
			files = (
				87EDF27B2A8E6C37003680A3 /* BalanceView.swift in Sources */,
				870C0A082A8F90A0005622F8 /* WeatherViewModel.swift in Sources */,
				870C0A042A8F5EF3005622F8 /* MapView.swift in Sources */,
				8763E5EC2A93942E004BD688 /* CRUDOperations.swift in Sources */,
				87EDF2772A8E6C0A003680A3 /* InspectionView.swift in Sources */,
				87EDF24E2A8BE2B8003680A3 /* Apiary.swift in Sources */,
				87EDF2792A8E6C1C003680A3 /* HervestView.swift in Sources */,
				87EDF2722A8E5E6B003680A3 /* WeatherRow.swift in Sources */,
				87F358822A8E7EC300C33452 /* ContentView.swift in Sources */,
				87EDF2612A8CA89C003680A3 /* Inspection.swift in Sources */,
				87DF9B7E2A94C6D400451ACE /* UserDefaultsManager.swift in Sources */,
				87EDF2652A8CC239003680A3 /* WeatherData.swift in Sources */,
				8723E15E2A8BBCA1004FD589 /* BeekeeperApp.swift in Sources */,
				87EDF25F2A8CA79E003680A3 /* ToDoListView.swift in Sources */,
				87EDF2562A8BE69D003680A3 /* Queen.swift in Sources */,
				87EDF26E2A8DF21A003680A3 /* SetApiaryView.swift in Sources */,
				87F3588A2A8E984800C33452 /* TopLevelHomeView.swift in Sources */,
				87EDF27F2A8E7CE2003680A3 /* HomeView.swift in Sources */,
				87EDF24C2A8BE29B003680A3 /* Hive.swift in Sources */,
				87F358862A8E93BD00C33452 /* SettingsView.swift in Sources */,
				87F358882A8E93DA00C33452 /* UserInfoView.swift in Sources */,
				870C0A022A8F5D14005622F8 /* LocationViewModel.swift in Sources */,
				87EDF2702A8DF6BA003680A3 /* WeatherManager.swift in Sources */,
				87EDF25D2A8CA53E003680A3 /* WeatherView.swift in Sources */,
				87EDF26A2A8CED7A003680A3 /* LocationManager.swift in Sources */,
				870C09FF2A8F4E89005622F8 /* UserInfo.swift in Sources */,
				870C0A062A8F75EB005622F8 /* SetApiaryViewModel.swift in Sources */,
				87EDF2592A8C9A03003680A3 /* Colony.swift in Sources */,
			);
			runOnlyForDeploymentPostprocessing = 0;
		};
/* End PBXSourcesBuildPhase section */

/* Begin XCBuildConfiguration section */
		8723E1662A8BBCA2004FD589 /* Debug */ = {
			isa = XCBuildConfiguration;
			buildSettings = {
				ALWAYS_SEARCH_USER_PATHS = NO;
				CLANG_ANALYZER_NONNULL = YES;
				CLANG_ANALYZER_NUMBER_OBJECT_CONVERSION = YES_AGGRESSIVE;
				CLANG_CXX_LANGUAGE_STANDARD = "gnu++20";
				CLANG_ENABLE_MODULES = YES;
				CLANG_ENABLE_OBJC_ARC = YES;
				CLANG_ENABLE_OBJC_WEAK = YES;
				CLANG_WARN_BLOCK_CAPTURE_AUTORELEASING = YES;
				CLANG_WARN_BOOL_CONVERSION = YES;
				CLANG_WARN_COMMA = YES;
				CLANG_WARN_CONSTANT_CONVERSION = YES;
				CLANG_WARN_DEPRECATED_OBJC_IMPLEMENTATIONS = YES;
				CLANG_WARN_DIRECT_OBJC_ISA_USAGE = YES_ERROR;
				CLANG_WARN_DOCUMENTATION_COMMENTS = YES;
				CLANG_WARN_EMPTY_BODY = YES;
				CLANG_WARN_ENUM_CONVERSION = YES;
				CLANG_WARN_INFINITE_RECURSION = YES;
				CLANG_WARN_INT_CONVERSION = YES;
				CLANG_WARN_NON_LITERAL_NULL_CONVERSION = YES;
				CLANG_WARN_OBJC_IMPLICIT_RETAIN_SELF = YES;
				CLANG_WARN_OBJC_LITERAL_CONVERSION = YES;
				CLANG_WARN_OBJC_ROOT_CLASS = YES_ERROR;
				CLANG_WARN_QUOTED_INCLUDE_IN_FRAMEWORK_HEADER = YES;
				CLANG_WARN_RANGE_LOOP_ANALYSIS = YES;
				CLANG_WARN_STRICT_PROTOTYPES = YES;
				CLANG_WARN_SUSPICIOUS_MOVE = YES;
				CLANG_WARN_UNGUARDED_AVAILABILITY = YES_AGGRESSIVE;
				CLANG_WARN_UNREACHABLE_CODE = YES;
				CLANG_WARN__DUPLICATE_METHOD_MATCH = YES;
				COPY_PHASE_STRIP = NO;
				DEBUG_INFORMATION_FORMAT = dwarf;
				ENABLE_STRICT_OBJC_MSGSEND = YES;
				ENABLE_TESTABILITY = YES;
				GCC_C_LANGUAGE_STANDARD = gnu11;
				GCC_DYNAMIC_NO_PIC = NO;
				GCC_NO_COMMON_BLOCKS = YES;
				GCC_OPTIMIZATION_LEVEL = 0;
				GCC_PREPROCESSOR_DEFINITIONS = (
					"DEBUG=1",
					"$(inherited)",
				);
				GCC_WARN_64_TO_32_BIT_CONVERSION = YES;
				GCC_WARN_ABOUT_RETURN_TYPE = YES_ERROR;
				GCC_WARN_UNDECLARED_SELECTOR = YES;
				GCC_WARN_UNINITIALIZED_AUTOS = YES_AGGRESSIVE;
				GCC_WARN_UNUSED_FUNCTION = YES;
				GCC_WARN_UNUSED_VARIABLE = YES;
				IPHONEOS_DEPLOYMENT_TARGET = 16.0;
				MTL_ENABLE_DEBUG_INFO = INCLUDE_SOURCE;
				MTL_FAST_MATH = YES;
				ONLY_ACTIVE_ARCH = YES;
				SDKROOT = iphoneos;
				SWIFT_ACTIVE_COMPILATION_CONDITIONS = DEBUG;
				SWIFT_OPTIMIZATION_LEVEL = "-Onone";
			};
			name = Debug;
		};
		8723E1672A8BBCA2004FD589 /* Release */ = {
			isa = XCBuildConfiguration;
			buildSettings = {
				ALWAYS_SEARCH_USER_PATHS = NO;
				CLANG_ANALYZER_NONNULL = YES;
				CLANG_ANALYZER_NUMBER_OBJECT_CONVERSION = YES_AGGRESSIVE;
				CLANG_CXX_LANGUAGE_STANDARD = "gnu++20";
				CLANG_ENABLE_MODULES = YES;
				CLANG_ENABLE_OBJC_ARC = YES;
				CLANG_ENABLE_OBJC_WEAK = YES;
				CLANG_WARN_BLOCK_CAPTURE_AUTORELEASING = YES;
				CLANG_WARN_BOOL_CONVERSION = YES;
				CLANG_WARN_COMMA = YES;
				CLANG_WARN_CONSTANT_CONVERSION = YES;
				CLANG_WARN_DEPRECATED_OBJC_IMPLEMENTATIONS = YES;
				CLANG_WARN_DIRECT_OBJC_ISA_USAGE = YES_ERROR;
				CLANG_WARN_DOCUMENTATION_COMMENTS = YES;
				CLANG_WARN_EMPTY_BODY = YES;
				CLANG_WARN_ENUM_CONVERSION = YES;
				CLANG_WARN_INFINITE_RECURSION = YES;
				CLANG_WARN_INT_CONVERSION = YES;
				CLANG_WARN_NON_LITERAL_NULL_CONVERSION = YES;
				CLANG_WARN_OBJC_IMPLICIT_RETAIN_SELF = YES;
				CLANG_WARN_OBJC_LITERAL_CONVERSION = YES;
				CLANG_WARN_OBJC_ROOT_CLASS = YES_ERROR;
				CLANG_WARN_QUOTED_INCLUDE_IN_FRAMEWORK_HEADER = YES;
				CLANG_WARN_RANGE_LOOP_ANALYSIS = YES;
				CLANG_WARN_STRICT_PROTOTYPES = YES;
				CLANG_WARN_SUSPICIOUS_MOVE = YES;
				CLANG_WARN_UNGUARDED_AVAILABILITY = YES_AGGRESSIVE;
				CLANG_WARN_UNREACHABLE_CODE = YES;
				CLANG_WARN__DUPLICATE_METHOD_MATCH = YES;
				COPY_PHASE_STRIP = NO;
				DEBUG_INFORMATION_FORMAT = "dwarf-with-dsym";
				ENABLE_NS_ASSERTIONS = NO;
				ENABLE_STRICT_OBJC_MSGSEND = YES;
				GCC_C_LANGUAGE_STANDARD = gnu11;
				GCC_NO_COMMON_BLOCKS = YES;
				GCC_WARN_64_TO_32_BIT_CONVERSION = YES;
				GCC_WARN_ABOUT_RETURN_TYPE = YES_ERROR;
				GCC_WARN_UNDECLARED_SELECTOR = YES;
				GCC_WARN_UNINITIALIZED_AUTOS = YES_AGGRESSIVE;
				GCC_WARN_UNUSED_FUNCTION = YES;
				GCC_WARN_UNUSED_VARIABLE = YES;
				IPHONEOS_DEPLOYMENT_TARGET = 16.0;
				MTL_ENABLE_DEBUG_INFO = NO;
				MTL_FAST_MATH = YES;
				SDKROOT = iphoneos;
				SWIFT_COMPILATION_MODE = wholemodule;
				SWIFT_OPTIMIZATION_LEVEL = "-O";
				VALIDATE_PRODUCT = YES;
			};
			name = Release;
		};
		8723E1692A8BBCA2004FD589 /* Debug */ = {
			isa = XCBuildConfiguration;
			buildSettings = {
				ASSETCATALOG_COMPILER_APPICON_NAME = AppIcon;
				ASSETCATALOG_COMPILER_GLOBAL_ACCENT_COLOR_NAME = AccentColor;
				CODE_SIGN_STYLE = Automatic;
				CURRENT_PROJECT_VERSION = 1;
				DEVELOPMENT_ASSET_PATHS = "\"Beekeeper/Preview Content\"";
				DEVELOPMENT_TEAM = 88MJ4S84C5;
				ENABLE_PREVIEWS = YES;
				GENERATE_INFOPLIST_FILE = YES;
				INFOPLIST_FILE = Beekeeper/Info.plist;
				INFOPLIST_KEY_LSApplicationCategoryType = "public.app-category.productivity";
				INFOPLIST_KEY_NSLocationAlwaysAndWhenInUseUsageDescription = "Beekeper App neel your location. ";
				INFOPLIST_KEY_NSLocationWhenInUseUsageDescription = "Beekeper App requires Apiary location.  ";
				INFOPLIST_KEY_UIApplicationSceneManifest_Generation = YES;
				INFOPLIST_KEY_UIApplicationSupportsIndirectInputEvents = YES;
				INFOPLIST_KEY_UILaunchScreen_Generation = YES;
				INFOPLIST_KEY_UISupportedInterfaceOrientations_iPad = "UIInterfaceOrientationPortrait UIInterfaceOrientationPortraitUpsideDown UIInterfaceOrientationLandscapeLeft UIInterfaceOrientationLandscapeRight";
				INFOPLIST_KEY_UISupportedInterfaceOrientations_iPhone = "UIInterfaceOrientationPortrait UIInterfaceOrientationLandscapeLeft UIInterfaceOrientationLandscapeRight";
				IPHONEOS_DEPLOYMENT_TARGET = 16.0;
				LD_RUNPATH_SEARCH_PATHS = (
					"$(inherited)",
					"@executable_path/Frameworks",
				);
				MARKETING_VERSION = 1.0;
				PRODUCT_BUNDLE_IDENTIFIER = Angrale.Beekeeper;
				PRODUCT_NAME = "$(TARGET_NAME)";
				SWIFT_EMIT_LOC_STRINGS = YES;
				SWIFT_VERSION = 5.0;
				TARGETED_DEVICE_FAMILY = "1,2";
			};
			name = Debug;
		};
		8723E16A2A8BBCA2004FD589 /* Release */ = {
			isa = XCBuildConfiguration;
			buildSettings = {
				ASSETCATALOG_COMPILER_APPICON_NAME = AppIcon;
				ASSETCATALOG_COMPILER_GLOBAL_ACCENT_COLOR_NAME = AccentColor;
				CODE_SIGN_STYLE = Automatic;
				CURRENT_PROJECT_VERSION = 1;
				DEVELOPMENT_ASSET_PATHS = "\"Beekeeper/Preview Content\"";
				DEVELOPMENT_TEAM = 88MJ4S84C5;
				ENABLE_PREVIEWS = YES;
				GENERATE_INFOPLIST_FILE = YES;
				INFOPLIST_FILE = Beekeeper/Info.plist;
				INFOPLIST_KEY_LSApplicationCategoryType = "public.app-category.productivity";
				INFOPLIST_KEY_NSLocationAlwaysAndWhenInUseUsageDescription = "Beekeper App neel your location. ";
				INFOPLIST_KEY_NSLocationWhenInUseUsageDescription = "Beekeper App requires Apiary location.  ";
				INFOPLIST_KEY_UIApplicationSceneManifest_Generation = YES;
				INFOPLIST_KEY_UIApplicationSupportsIndirectInputEvents = YES;
				INFOPLIST_KEY_UILaunchScreen_Generation = YES;
				INFOPLIST_KEY_UISupportedInterfaceOrientations_iPad = "UIInterfaceOrientationPortrait UIInterfaceOrientationPortraitUpsideDown UIInterfaceOrientationLandscapeLeft UIInterfaceOrientationLandscapeRight";
				INFOPLIST_KEY_UISupportedInterfaceOrientations_iPhone = "UIInterfaceOrientationPortrait UIInterfaceOrientationLandscapeLeft UIInterfaceOrientationLandscapeRight";
				IPHONEOS_DEPLOYMENT_TARGET = 16.0;
				LD_RUNPATH_SEARCH_PATHS = (
					"$(inherited)",
					"@executable_path/Frameworks",
				);
				MARKETING_VERSION = 1.0;
				PRODUCT_BUNDLE_IDENTIFIER = Angrale.Beekeeper;
				PRODUCT_NAME = "$(TARGET_NAME)";
				SWIFT_EMIT_LOC_STRINGS = YES;
				SWIFT_VERSION = 5.0;
				TARGETED_DEVICE_FAMILY = "1,2";
			};
			name = Release;
		};
/* End XCBuildConfiguration section */

/* Begin XCConfigurationList section */
		8723E1552A8BBCA1004FD589 /* Build configuration list for PBXProject "Beekeeper" */ = {
			isa = XCConfigurationList;
			buildConfigurations = (
				8723E1662A8BBCA2004FD589 /* Debug */,
				8723E1672A8BBCA2004FD589 /* Release */,
			);
			defaultConfigurationIsVisible = 0;
			defaultConfigurationName = Release;
		};
		8723E1682A8BBCA2004FD589 /* Build configuration list for PBXNativeTarget "Beekeeper" */ = {
			isa = XCConfigurationList;
			buildConfigurations = (
				8723E1692A8BBCA2004FD589 /* Debug */,
				8723E16A2A8BBCA2004FD589 /* Release */,
			);
			defaultConfigurationIsVisible = 0;
			defaultConfigurationName = Release;
		};
/* End XCConfigurationList section */
	};
	rootObject = 8723E1522A8BBCA1004FD589 /* Project object */;
}
